
Microsoft Visual Studio Solution File, Format Version 12.00
# Visual Studio Version 17
VisualStudioVersion = 17.10.34928.147
MinimumVisualStudioVersion = 10.0.40219.1
Project("{9A19103F-16F7-4668-BE54-9A1E7A4F7556}") = "Posts.Domain", "Posts.Domain\Posts.Domain.csproj", "{46B7872C-5596-45BC-ADF8-390B9D2BAD06}"
EndProject
Project("{9A19103F-16F7-4668-BE54-9A1E7A4F7556}") = "Posts.Api", "Posts.Api\Posts.Api.csproj", "{333BE2D3-45A8-4B43-AF2E-C330B6B8678A}"
EndProject
Project("{9A19103F-16F7-4668-BE54-9A1E7A4F7556}") = "Posts.Infrastructure", "Posts.Infrastructure\Posts.Infrastructure.csproj", "{FEA1DCC6-CBCA-4D4B-997B-98B0CC73D194}"
EndProject
Project("{9A19103F-16F7-4668-BE54-9A1E7A4F7556}") = "Posts.Services", "Posts.Services\Posts.Services.csproj", "{FD7FBB30-8021-416C-A7E6-E7172ECBFCD9}"
EndProject
Global
	GlobalSection(SolutionConfigurationPlatforms) = preSolution
		Debug|Any CPU = Debug|Any CPU
		Release|Any CPU = Release|Any CPU
	EndGlobalSection
	GlobalSection(ProjectConfigurationPlatforms) = postSolution
		{46B7872C-5596-45BC-ADF8-390B9D2BAD06}.Debug|Any CPU.ActiveCfg = Debug|Any CPU
		{46B7872C-5596-45BC-ADF8-390B9D2BAD06}.Debug|Any CPU.Build.0 = Debug|Any CPU
		{46B7872C-5596-45BC-ADF8-390B9D2BAD06}.Release|Any CPU.ActiveCfg = Release|Any CPU
		{46B7872C-5596-45BC-ADF8-390B9D2BAD06}.Release|Any CPU.Build.0 = Release|Any CPU
		{333BE2D3-45A8-4B43-AF2E-C330B6B8678A}.Debug|Any CPU.ActiveCfg = Debug|Any CPU
		{333BE2D3-45A8-4B43-AF2E-C330B6B8678A}.Debug|Any CPU.Build.0 = Debug|Any CPU
		{333BE2D3-45A8-4B43-AF2E-C330B6B8678A}.Release|Any CPU.ActiveCfg = Release|Any CPU
		{333BE2D3-45A8-4B43-AF2E-C330B6B8678A}.Release|Any CPU.Build.0 = Release|Any CPU
		{FEA1DCC6-CBCA-4D4B-997B-98B0CC73D194}.Debug|Any CPU.ActiveCfg = Debug|Any CPU
		{FEA1DCC6-CBCA-4D4B-997B-98B0CC73D194}.Debug|Any CPU.Build.0 = Debug|Any CPU
		{FEA1DCC6-CBCA-4D4B-997B-98B0CC73D194}.Release|Any CPU.ActiveCfg = Release|Any CPU
		{FEA1DCC6-CBCA-4D4B-997B-98B0CC73D194}.Release|Any CPU.Build.0 = Release|Any CPU
		{FD7FBB30-8021-416C-A7E6-E7172ECBFCD9}.Debug|Any CPU.ActiveCfg = Debug|Any CPU
		{FD7FBB30-8021-416C-A7E6-E7172ECBFCD9}.Debug|Any CPU.Build.0 = Debug|Any CPU
		{FD7FBB30-8021-416C-A7E6-E7172ECBFCD9}.Release|Any CPU.ActiveCfg = Release|Any CPU
		{FD7FBB30-8021-416C-A7E6-E7172ECBFCD9}.Release|Any CPU.Build.0 = Release|Any CPU
	EndGlobalSection
	GlobalSection(SolutionProperties) = preSolution
		HideSolutionNode = FALSE
	EndGlobalSection
	GlobalSection(ExtensibilityGlobals) = postSolution
		SolutionGuid = {68E1A071-62DF-48C7-9725-0DB266108D15}
	EndGlobalSection
EndGlobal
